# @generated - this file is auto-generated by `mise lock` https://mise.en.dev/dev-tools/mise-lock.html

[[tools.act]]
version = "0.2.87"
backend = "aqua:nektos/act"

[tools.act."platforms.linux-arm64"]
checksum = "sha256:c17a9fe2428a4824f61248ceb8e93db8de95d9163b0f2651ec5ccea0e6f4edc8"
url = "https://github.com/nektos/act/releases/download/v0.2.87/act_Linux_arm64.tar.gz"

[tools.act."platforms.linux-x64"]
checksum = "sha256:9bbfca7d779f71746233ec65e47fdcb12c4c976c1c97ec085956976fcabee866"
url = "https://github.com/nektos/act/releases/download/v0.2.87/act_Linux_x86_64.tar.gz"

[[tools.age]]
version = "1.3.1"
backend = "aqua:FiloSottile/age"

[tools.age."platforms.linux-arm64"]
checksum = "sha256:c6878a324421b69e3e20b00ba17c04bc5c6dab0030cfe55bf8f68fa8d9e9093a"
url = "https://github.com/FiloSottile/age/releases/download/v1.3.1/age-v1.3.1-linux-arm64.tar.gz"
provenance = "github-attestations"

[tools.age."platforms.linux-x64"]
checksum = "sha256:bdc69c09cbdd6cf8b1f333d372a1f58247b3a33146406333e30c0f26e8f51377"
url = "https://github.com/FiloSottile/age/releases/download/v1.3.1/age-v1.3.1-linux-amd64.tar.gz"
provenance = "github-attestations"

[[tools."aqua:nodejs/node"]]
version = "24.15.0"
backend = "aqua:nodejs/node"

[tools."aqua:nodejs/node"."platforms.linux-arm64"]
url = "https://nodejs.org/dist/v24.15.0/node-v24.15.0-linux-arm64.tar.gz"

[tools."aqua:nodejs/node"."platforms.linux-x64"]
checksum = "blake3:2b86bd1c04526e242e4491e2d2889f7ef2312169b806d93e39114300d5385bfa"
url = "https://nodejs.org/dist/v24.15.0/node-v24.15.0-linux-x64.tar.gz"

[[tools.argocd]]
version = "3.3.9"
backend = "aqua:argoproj/argo-cd"

[tools.argocd."platforms.linux-arm64"]
checksum = "sha256:f0947a6b5604bc2a5151f3befe31f4dd18ea19208ab1d221a6ebcf831e62851b"
url = "https://github.com/argoproj/argo-cd/releases/download/v3.3.9/argocd-linux-arm64"

[tools.argocd."platforms.linux-arm64".provenance.slsa]
url = "https://github.com/argoproj/argo-cd/releases/download/v3.3.9/argocd-cli.intoto.jsonl"

[tools.argocd."platforms.linux-x64"]
checksum = "sha256:c17c57a16a79a8a3e6fdf1eadcfaf475ae621bbacf89467f75a3b96a1cd460fd"
url = "https://github.com/argoproj/argo-cd/releases/download/v3.3.9/argocd-linux-amd64"

[tools.argocd."platforms.linux-x64".provenance.slsa]
url = "https://github.com/argoproj/argo-cd/releases/download/v3.3.9/argocd-cli.intoto.jsonl"

[[tools.direnv]]
version = "2.37.1"
backend = "aqua:direnv/direnv"

[tools.direnv."platforms.linux-arm64"]
checksum = "sha256:2a9cef8d73521d6a3ec3f2871c4b747b8c4cc038628c1b57a7efa42b393a2d82"
url = "https://github.com/direnv/direnv/releases/download/v2.37.1/direnv.linux-arm64"

[tools.direnv."platforms.linux-x64"]
checksum = "sha256:1f1b93dd6f38523fde26dfac96151ef9d31a374e3005cd3345fb93555ae0c9b5"
url = "https://github.com/direnv/direnv/releases/download/v2.37.1/direnv.linux-amd64"

[[tools.flux2]]
version = "2.8.6"
backend = "aqua:fluxcd/flux2"

[tools.flux2."platforms.linux-arm64"]
checksum = "sha256:bc460320c2d33ad833791277896dd1aaf1cff6b3e64ba397c44238f00d4ae5bc"
url = "https://github.com/fluxcd/flux2/releases/download/v2.8.6/flux_2.8.6_linux_arm64.tar.gz"

[tools.flux2."platforms.linux-arm64".provenance.slsa]
url = "https://github.com/fluxcd/flux2/releases/download/v2.8.6/provenance.intoto.jsonl"

[tools.flux2."platforms.linux-x64"]
checksum = "sha256:c53cc990ae266f7840f64c81515d701d8821d558a9062aa4211d71b38cf044be"
url = "https://github.com/fluxcd/flux2/releases/download/v2.8.6/flux_2.8.6_linux_amd64.tar.gz"

[tools.flux2."platforms.linux-x64".provenance.slsa]
url = "https://github.com/fluxcd/flux2/releases/download/v2.8.6/provenance.intoto.jsonl"

[[tools.gh]]
version = "2.92.0"
backend = "aqua:cli/cli"

[tools.gh."platforms.linux-arm64"]
checksum = "sha256:c2248526dd0160c08d3fccca2332c3c1a07c15a78b23978e77735f1b5a18cfee"
url = "https://github.com/cli/cli/releases/download/v2.92.0/gh_2.92.0_linux_arm64.tar.gz"
provenance = "github-attestations"

[tools.gh."platforms.linux-x64"]
checksum = "sha256:b57848131bdf0c229cd35e1f2a51aa718199858b2e728410b37e89a428943ec4"
url = "https://github.com/cli/cli/releases/download/v2.92.0/gh_2.92.0_linux_amd64.tar.gz"
provenance = "github-attestations"

[[tools.helm]]
version = "4.1.4"
backend = "aqua:helm/helm"

[tools.helm."platforms.linux-arm64"]
checksum = "sha256:13d03672be289045d2ff00e4e345d61de1c6f21c1257a45955a30e8ae036d8f1"
url = "https://get.helm.sh/helm-v4.1.4-linux-arm64.tar.gz"

[tools.helm."platforms.linux-x64"]
checksum = "sha256:70b2c30a19da4db264dfd68c8a3664e05093a361cefd89572ffb36f8abfa3d09"
url = "https://get.helm.sh/helm-v4.1.4-linux-amd64.tar.gz"

[[tools."http:kube-burner"]]
version = "2.6.1"
backend = "http:kube-burner"

[tools."http:kube-burner"."platforms.linux-x64"]
checksum = "blake3:c515fc3bada5a01a6496ae358bfbeed52cc882409e0b01964caf40e2fe2b2454"
url = "https://github.com/cloud-bulldozer/kube-burner/releases/download/v2.6.1/kube-burner-V2.6.1-linux-x86_64.tar.gz"

[[tools."http:kube-burner-ocp"]]
version = "1.11.11"
backend = "http:kube-burner-ocp"

[tools."http:kube-burner-ocp"."platforms.linux-x64"]
checksum = "blake3:429021e6105e10ce3c3eb23e3d3a5d82be8b5a8553e499dd2e04ac8efe7a3402"
url = "https://github.com/kube-burner/kube-burner-ocp/releases/download/v1.11.11/kube-burner-ocp-V1.11.11-linux-x86_64.tar.gz"

[[tools."http:oc"]]
version = "4.21.16"
backend = "http:oc"

[tools."http:oc"."platforms.linux-x64"]
checksum = "blake3:0750313e14f2cc7c62404740e39027c9f0a6f8e2633d1f4a0a5a2cce29c5b870"
url = "https://mirror.openshift.com/pub/openshift-v4/x86_64/clients/ocp/4.21.16/openshift-client-linux.tar.gz"

[[tools."http:virtctl"]]
version = "1.8.2"
backend = "http:virtctl"

[tools."http:virtctl"."platforms.linux-x64"]
checksum = "blake3:26e61761d98747c8a4d22057116bcdbdf77000561234ae048e2b64d8182a036e"
url = "https://github.com/kubevirt/kubevirt/releases/download/v1.8.2/virtctl-v1.8.2-linux-amd64"

[[tools.kind]]
version = "0.31.0"
backend = "aqua:kubernetes-sigs/kind"

[tools.kind."platforms.linux-arm64"]
checksum = "sha256:8e1014e87c34901cc422a1445866835d1e666f2a61301c27e722bdeab5a1f7e4"
url = "https://github.com/kubernetes-sigs/kind/releases/download/v0.31.0/kind-linux-arm64"

[tools.kind."platforms.linux-x64"]
checksum = "sha256:eb244cbafcc157dff60cf68693c14c9a75c4e6e6fedaf9cd71c58117cb93e3fa"
url = "https://github.com/kubernetes-sigs/kind/releases/download/v0.31.0/kind-linux-amd64"

[[tools.kubeconform]]
version = "0.7.0"
backend = "aqua:yannh/kubeconform"

[tools.kubeconform."platforms.linux-arm64"]
checksum = "sha256:cc907ccf9e3c34523f0f32b69745265e0a6908ca85b92f41931d4537860eb83c"
url = "https://github.com/yannh/kubeconform/releases/download/v0.7.0/kubeconform-linux-arm64.tar.gz"

[tools.kubeconform."platforms.linux-x64"]
checksum = "sha256:c31518ddd122663b3f3aa874cfe8178cb0988de944f29c74a0b9260920d115d3"
url = "https://github.com/yannh/kubeconform/releases/download/v0.7.0/kubeconform-linux-amd64.tar.gz"

[[tools.kubectl]]
version = "1.36.0"
backend = "aqua:kubernetes/kubernetes/kubectl"

[tools.kubectl."platforms.linux-arm64"]
checksum = "sha256:9f9d9c44a7b5264515ac9da5991584e2395bd50662e651132337e7b4d0c56f8f"
url = "https://dl.k8s.io/v1.36.0/bin/linux/arm64/kubectl"

[tools.kubectl."platforms.linux-x64"]
checksum = "sha256:123d8c8844f46b1244c547fffb3c17180c0c26dac9890589fe7e67763298748e"
url = "https://dl.k8s.io/v1.36.0/bin/linux/amd64/kubectl"

[[tools.kubeseal]]
version = "0.36.6"
backend = "aqua:bitnami-labs/sealed-secrets"

[tools.kubeseal."platforms.linux-arm64"]
checksum = "sha256:cd5fda90f545e2f0d256646552c6138d4abec1face3b2decd473f844eeb451c7"
url = "https://github.com/bitnami-labs/sealed-secrets/releases/download/v0.36.6/kubeseal-0.36.6-linux-arm64.tar.gz"

[tools.kubeseal."platforms.linux-x64"]
checksum = "sha256:9a091f92d56ae90e6df269294c556cf75b48fe50ebc09541a1e85732373a9893"
url = "https://github.com/bitnami-labs/sealed-secrets/releases/download/v0.36.6/kubeseal-0.36.6-linux-amd64.tar.gz"

[[tools.kustomize]]
version = "5.8.1"
backend = "aqua:kubernetes-sigs/kustomize"

[tools.kustomize."platforms.linux-arm64"]
checksum = "sha256:0953ea3e476f66d6ddfcd911d750f5167b9365aa9491b2326398e289fef2c142"
url = "https://github.com/kubernetes-sigs/kustomize/releases/download/kustomize/v5.8.1/kustomize_v5.8.1_linux_arm64.tar.gz"

[tools.kustomize."platforms.linux-x64"]
checksum = "sha256:029a7f0f4e1932c52a0476cf02a0fd855c0bb85694b82c338fc648dcb53a819d"
url = "https://github.com/kubernetes-sigs/kustomize/releases/download/kustomize/v5.8.1/kustomize_v5.8.1_linux_amd64.tar.gz"

[[tools.rclone]]
version = "1.73.5"
backend = "aqua:rclone/rclone"

[tools.rclone."platforms.linux-arm64"]
checksum = "sha256:8d465c921d95b2f54c5f2e79b24c97742ebc2082a0b8709a686361bed5ba7932"
url = "https://github.com/rclone/rclone/releases/download/v1.73.5/rclone-v1.73.5-linux-arm64.zip"

[tools.rclone."platforms.linux-x64"]
checksum = "sha256:932cf4b7484de74d82b4875488e0009469fd21f9904673385184520fe11a1bf0"
url = "https://github.com/rclone/rclone/releases/download/v1.73.5/rclone-v1.73.5-linux-amd64.zip"

[[tools.sops]]
version = "3.12.2"
backend = "aqua:getsops/sops"

[tools.sops."platforms.linux-arm64"]
checksum = "sha256:f66de6f528dca946e910d74fa36a62a7714c11d0db16bd3c9bd8acf73b66704b"
url = "https://github.com/getsops/sops/releases/download/v3.12.2/sops-v3.12.2.linux.arm64"

[tools.sops."platforms.linux-arm64".provenance.slsa]
url = "https://github.com/getsops/sops/releases/download/v3.12.2/sops-v3.12.2.intoto.jsonl"

[tools.sops."platforms.linux-x64"]
checksum = "sha256:14e2e1ba3bef31e74b70cf0b674f6443c80f6c5f3df15d05ffc57c34851b4998"
url = "https://github.com/getsops/sops/releases/download/v3.12.2/sops-v3.12.2.linux.amd64"

[tools.sops."platforms.linux-x64".provenance.slsa]
url = "https://github.com/getsops/sops/releases/download/v3.12.2/sops-v3.12.2.intoto.jsonl"

[[tools.tekton-cli]]
version = "0.44.1"
backend = "aqua:tektoncd/cli"

[tools.tekton-cli."platforms.linux-arm64"]
checksum = "sha256:4c6edbd48766e623efe76a4e810fa92272aa35f9b1d2e61716dc37677b18b6e3"
url = "https://github.com/tektoncd/cli/releases/download/v0.44.1/tkn_0.44.1_Linux_aarch64.tar.gz"

[tools.tekton-cli."platforms.linux-x64"]
checksum = "sha256:e18d287d9aabf6cf4e8281d2871a38e66b50ff6eb4d6d6c84d3e4d357bde1373"
url = "https://github.com/tektoncd/cli/releases/download/v0.44.1/tkn_0.44.1_Linux_x86_64.tar.gz"

[[tools.terraform]]
version = "1.15.0"
backend = "aqua:hashicorp/terraform"

[tools.terraform."platforms.linux-arm64"]
checksum = "sha256:7d9b8ab81790771b5c872c06a8982bc25b66971928dccb244fe0a41e2451770a"
url = "https://releases.hashicorp.com/terraform/1.15.0/terraform_1.15.0_linux_arm64.zip"

[tools.terraform."platforms.linux-x64"]
checksum = "sha256:dcd4b31225dd960404f744315c0c3823a7deeda43bca0256a17fc762092d7e1b"
url = "https://releases.hashicorp.com/terraform/1.15.0/terraform_1.15.0_linux_amd64.zip"
