# @generated - this file is auto-generated by `mise lock` https://mise.en.dev/dev-tools/mise-lock.html

[[tools.act]]
version = "0.2.88"
backend = "aqua:nektos/act"

[tools.act."platforms.linux-arm64"]
checksum = "sha256:94d87738f7ea6650782c8505366c758c99db54cc67bd8c711583478c93305d78"
url = "https://github.com/nektos/act/releases/download/v0.2.88/act_Linux_arm64.tar.gz"

[tools.act."platforms.linux-x64"]
checksum = "sha256:1eb9996682dfcc053ac8f3f90f2ec50376f0cdfc229712d82da03d673c63a2b3"
url = "https://github.com/nektos/act/releases/download/v0.2.88/act_Linux_x86_64.tar.gz"

[[tools.age]]
version = "1.3.1"
backend = "aqua:FiloSottile/age"

[tools.age."platforms.linux-arm64"]
checksum = "sha256:c6878a324421b69e3e20b00ba17c04bc5c6dab0030cfe55bf8f68fa8d9e9093a"
url = "https://github.com/FiloSottile/age/releases/download/v1.3.1/age-v1.3.1-linux-arm64.tar.gz"
provenance = "github-attestations"

[tools.age."platforms.linux-x64"]
checksum = "sha256:bdc69c09cbdd6cf8b1f333d372a1f58247b3a33146406333e30c0f26e8f51377"
url = "https://github.com/FiloSottile/age/releases/download/v1.3.1/age-v1.3.1-linux-amd64.tar.gz"
provenance = "github-attestations"

[[tools."aqua:nodejs/node"]]
version = "26.1.0"
backend = "aqua:nodejs/node"

[tools."aqua:nodejs/node"."platforms.linux-arm64"]
url = "https://nodejs.org/dist/v26.1.0/node-v26.1.0-linux-arm64.tar.gz"

[tools."aqua:nodejs/node"."platforms.linux-x64"]
checksum = "blake3:480dd7b5107c13efadfba0a2450546dcb9e81e7cfa72237216d5f646a63a36fc"
url = "https://nodejs.org/dist/v26.1.0/node-v26.1.0-linux-x64.tar.gz"

[[tools."aqua:tektoncd/pipelines-as-code"]]
version = "0.46.0"
backend = "aqua:tektoncd/pipelines-as-code"

[tools."aqua:tektoncd/pipelines-as-code"."platforms.linux-arm64"]
checksum = "sha256:c87c007c98034d11e249a1e780cb195ec3c90ba70e51c0fc92d8743b17d35f31"
url = "https://github.com/tektoncd/pipelines-as-code/releases/download/v0.46.0/tkn-pac_0.46.0_linux_arm64.tar.gz"

[tools."aqua:tektoncd/pipelines-as-code"."platforms.linux-x64"]
checksum = "sha256:c5ed9e7ef329a33946f10c9c2692049d2dcbd8298edc2a02ece4de1e11a78b1b"
url = "https://github.com/tektoncd/pipelines-as-code/releases/download/v0.46.0/tkn-pac_0.46.0_linux_x86_64.tar.gz"

[[tools.argocd]]
version = "3.4.2"
backend = "aqua:argoproj/argo-cd"

[tools.argocd."platforms.linux-arm64"]
checksum = "sha256:d0b74511242b2b4827dea6435092ef8b1402eb26c29c00944934e546a6445944"
url = "https://github.com/argoproj/argo-cd/releases/download/v3.4.2/argocd-linux-arm64"

[tools.argocd."platforms.linux-arm64".provenance.slsa]
url = "https://github.com/argoproj/argo-cd/releases/download/v3.4.2/argocd-cli.intoto.jsonl"

[tools.argocd."platforms.linux-x64"]
checksum = "sha256:d4cb1ac8002baab8afaca2da3de597b613df8459074bc7c6d96dc95161c2a33f"
url = "https://github.com/argoproj/argo-cd/releases/download/v3.4.2/argocd-linux-amd64"

[tools.argocd."platforms.linux-x64".provenance.slsa]
url = "https://github.com/argoproj/argo-cd/releases/download/v3.4.2/argocd-cli.intoto.jsonl"

[[tools.direnv]]
version = "2.37.1"
backend = "aqua:direnv/direnv"

[tools.direnv."platforms.linux-arm64"]
checksum = "sha256:2a9cef8d73521d6a3ec3f2871c4b747b8c4cc038628c1b57a7efa42b393a2d82"
url = "https://github.com/direnv/direnv/releases/download/v2.37.1/direnv.linux-arm64"

[tools.direnv."platforms.linux-x64"]
checksum = "sha256:1f1b93dd6f38523fde26dfac96151ef9d31a374e3005cd3345fb93555ae0c9b5"
url = "https://github.com/direnv/direnv/releases/download/v2.37.1/direnv.linux-amd64"

[[tools.flux2]]
version = "2.8.7"
backend = "aqua:fluxcd/flux2"

[tools.flux2."platforms.linux-arm64"]
checksum = "sha256:f6b19f6f2d85dd47cecb9169111c3f35f220217ab488d254ca3d8faba58e0217"
url = "https://github.com/fluxcd/flux2/releases/download/v2.8.7/flux_2.8.7_linux_arm64.tar.gz"

[tools.flux2."platforms.linux-arm64".provenance.slsa]
url = "https://github.com/fluxcd/flux2/releases/download/v2.8.7/provenance.intoto.jsonl"

[tools.flux2."platforms.linux-x64"]
checksum = "sha256:493a8df42bf89f8481f03afb44b6f4801a76ec0f0b9233042487d0cb5c6cf4e3"
url = "https://github.com/fluxcd/flux2/releases/download/v2.8.7/flux_2.8.7_linux_amd64.tar.gz"

[tools.flux2."platforms.linux-x64".provenance.slsa]
url = "https://github.com/fluxcd/flux2/releases/download/v2.8.7/provenance.intoto.jsonl"

[[tools.gh]]
version = "2.92.0"
backend = "aqua:cli/cli"

[tools.gh."platforms.linux-arm64"]
checksum = "sha256:c2248526dd0160c08d3fccca2332c3c1a07c15a78b23978e77735f1b5a18cfee"
url = "https://github.com/cli/cli/releases/download/v2.92.0/gh_2.92.0_linux_arm64.tar.gz"
provenance = "github-attestations"

[tools.gh."platforms.linux-x64"]
checksum = "sha256:b57848131bdf0c229cd35e1f2a51aa718199858b2e728410b37e89a428943ec4"
url = "https://github.com/cli/cli/releases/download/v2.92.0/gh_2.92.0_linux_amd64.tar.gz"
provenance = "github-attestations"

[[tools.helm]]
version = "4.2.0"
backend = "aqua:helm/helm"

[tools.helm."platforms.linux-arm64"]
checksum = "sha256:1f8de130dfbd04de64978e7b852a7a547be1404956a366608276d2520b678670"
url = "https://get.helm.sh/helm-v4.2.0-linux-arm64.tar.gz"

[tools.helm."platforms.linux-x64"]
checksum = "sha256:97dbeb971be4ac4b27e3839976d9564c0fb35c6f3b1da89dd1e292d236af4096"
url = "https://get.helm.sh/helm-v4.2.0-linux-amd64.tar.gz"

[[tools."http:kube-burner"]]
version = "2.6.1"
backend = "http:kube-burner"

[tools."http:kube-burner"."platforms.linux-x64"]
checksum = "blake3:c515fc3bada5a01a6496ae358bfbeed52cc882409e0b01964caf40e2fe2b2454"
url = "https://github.com/cloud-bulldozer/kube-burner/releases/download/v2.6.1/kube-burner-V2.6.1-linux-x86_64.tar.gz"

[[tools."http:kube-burner-ocp"]]
version = "1.11.11"
backend = "http:kube-burner-ocp"

[tools."http:kube-burner-ocp"."platforms.linux-x64"]
checksum = "blake3:429021e6105e10ce3c3eb23e3d3a5d82be8b5a8553e499dd2e04ac8efe7a3402"
url = "https://github.com/kube-burner/kube-burner-ocp/releases/download/v1.11.11/kube-burner-ocp-V1.11.11-linux-x86_64.tar.gz"

[[tools."http:oc"]]
version = "4.21.16"
backend = "http:oc"

[tools."http:oc"."platforms.linux-x64"]
checksum = "blake3:0750313e14f2cc7c62404740e39027c9f0a6f8e2633d1f4a0a5a2cce29c5b870"
url = "https://mirror.openshift.com/pub/openshift-v4/x86_64/clients/ocp/4.21.16/openshift-client-linux.tar.gz"

[[tools."http:virtctl"]]
version = "1.8.2"
backend = "http:virtctl"

[tools."http:virtctl"."platforms.linux-x64"]
checksum = "blake3:26e61761d98747c8a4d22057116bcdbdf77000561234ae048e2b64d8182a036e"
url = "https://github.com/kubevirt/kubevirt/releases/download/v1.8.2/virtctl-v1.8.2-linux-amd64"

[[tools.kind]]
version = "0.31.0"
backend = "aqua:kubernetes-sigs/kind"

[tools.kind."platforms.linux-arm64"]
checksum = "sha256:8e1014e87c34901cc422a1445866835d1e666f2a61301c27e722bdeab5a1f7e4"
url = "https://github.com/kubernetes-sigs/kind/releases/download/v0.31.0/kind-linux-arm64"

[tools.kind."platforms.linux-x64"]
checksum = "sha256:eb244cbafcc157dff60cf68693c14c9a75c4e6e6fedaf9cd71c58117cb93e3fa"
url = "https://github.com/kubernetes-sigs/kind/releases/download/v0.31.0/kind-linux-amd64"

[[tools.kubeconform]]
version = "0.7.0"
backend = "aqua:yannh/kubeconform"

[tools.kubeconform."platforms.linux-arm64"]
checksum = "sha256:cc907ccf9e3c34523f0f32b69745265e0a6908ca85b92f41931d4537860eb83c"
url = "https://github.com/yannh/kubeconform/releases/download/v0.7.0/kubeconform-linux-arm64.tar.gz"

[tools.kubeconform."platforms.linux-x64"]
checksum = "sha256:c31518ddd122663b3f3aa874cfe8178cb0988de944f29c74a0b9260920d115d3"
url = "https://github.com/yannh/kubeconform/releases/download/v0.7.0/kubeconform-linux-amd64.tar.gz"

[[tools.kubectl]]
version = "1.36.1"
backend = "aqua:kubernetes/kubernetes/kubectl"

[tools.kubectl."platforms.linux-arm64"]
checksum = "sha256:59f7ee8e477fae658447607dc3c8790ac17a1b016c01c622c12070e969e2d4e7"
url = "https://dl.k8s.io/v1.36.1/bin/linux/arm64/kubectl"

[tools.kubectl."platforms.linux-x64"]
checksum = "sha256:629d3f410e09bf49b64ae7079f7f0bda1191efed311f7d37fdbab0ad5b0ec2b7"
url = "https://dl.k8s.io/v1.36.1/bin/linux/amd64/kubectl"

[[tools.kubeseal]]
version = "0.36.6"
backend = "aqua:bitnami-labs/sealed-secrets"

[tools.kubeseal."platforms.linux-arm64"]
checksum = "sha256:cd5fda90f545e2f0d256646552c6138d4abec1face3b2decd473f844eeb451c7"
url = "https://github.com/bitnami-labs/sealed-secrets/releases/download/v0.36.6/kubeseal-0.36.6-linux-arm64.tar.gz"

[tools.kubeseal."platforms.linux-x64"]
checksum = "sha256:9a091f92d56ae90e6df269294c556cf75b48fe50ebc09541a1e85732373a9893"
url = "https://github.com/bitnami-labs/sealed-secrets/releases/download/v0.36.6/kubeseal-0.36.6-linux-amd64.tar.gz"

[[tools.kustomize]]
version = "5.8.1"
backend = "aqua:kubernetes-sigs/kustomize"

[tools.kustomize."platforms.linux-arm64"]
checksum = "sha256:0953ea3e476f66d6ddfcd911d750f5167b9365aa9491b2326398e289fef2c142"
url = "https://github.com/kubernetes-sigs/kustomize/releases/download/kustomize/v5.8.1/kustomize_v5.8.1_linux_arm64.tar.gz"

[tools.kustomize."platforms.linux-x64"]
checksum = "sha256:029a7f0f4e1932c52a0476cf02a0fd855c0bb85694b82c338fc648dcb53a819d"
url = "https://github.com/kubernetes-sigs/kustomize/releases/download/kustomize/v5.8.1/kustomize_v5.8.1_linux_amd64.tar.gz"

[[tools.rclone]]
version = "1.74.1"
backend = "aqua:rclone/rclone"

[tools.rclone."platforms.linux-arm64"]
checksum = "sha256:c816ed0e568de4dd1bba1a4d0cd47523d3dd54337dd5fde73f1b068857ecf877"
url = "https://github.com/rclone/rclone/releases/download/v1.74.1/rclone-v1.74.1-linux-arm64.zip"

[tools.rclone."platforms.linux-x64"]
checksum = "sha256:67df3059a6233b6e32e604bcd637654bb294ff86291b65ede77123e94818d911"
url = "https://github.com/rclone/rclone/releases/download/v1.74.1/rclone-v1.74.1-linux-amd64.zip"

[[tools.sops]]
version = "3.13.0"
backend = "aqua:getsops/sops"

[tools.sops."platforms.linux-arm64"]
checksum = "sha256:ca39dc61be763583c12690e4c55883449c6997274f5c24757f1fd86f7e47acd8"
url = "https://github.com/getsops/sops/releases/download/v3.13.0/sops-v3.13.0.linux.arm64"

[tools.sops."platforms.linux-arm64".provenance.slsa]
url = "https://github.com/getsops/sops/releases/download/v3.13.0/sops-v3.13.0.intoto.jsonl"

[tools.sops."platforms.linux-x64"]
checksum = "sha256:f2e5ed5e57376789b0e12793adc848e54c2338906e51392246dd03461b320157"
url = "https://github.com/getsops/sops/releases/download/v3.13.0/sops-v3.13.0.linux.amd64"

[tools.sops."platforms.linux-x64".provenance.slsa]
url = "https://github.com/getsops/sops/releases/download/v3.13.0/sops-v3.13.0.intoto.jsonl"

[[tools.tekton-cli]]
version = "0.45.0"
backend = "aqua:tektoncd/cli"

[tools.tekton-cli."platforms.linux-arm64"]
checksum = "sha256:f11bc2f834a2ab845b24f40dc01faf4b41dfc3af142062bf38e44f3fb5358456"
url = "https://github.com/tektoncd/cli/releases/download/v0.45.0/tkn_0.45.0_Linux_aarch64.tar.gz"

[tools.tekton-cli."platforms.linux-x64"]
checksum = "sha256:c32a60b97388eb14e1ed2155b10bd7202aaf2e0a67ca7594b08fb96c1b94454b"
url = "https://github.com/tektoncd/cli/releases/download/v0.45.0/tkn_0.45.0_Linux_x86_64.tar.gz"

[[tools.terraform]]
version = "1.15.3"
backend = "aqua:hashicorp/terraform"

[tools.terraform."platforms.linux-arm64"]
checksum = "sha256:9824eb010b835b2c872440a337a69acfa1782d36c24d3c09fe5defe75defc511"
url = "https://releases.hashicorp.com/terraform/1.15.3/terraform_1.15.3_linux_arm64.zip"

[tools.terraform."platforms.linux-x64"]
checksum = "sha256:c3d4b579064745a5f7e918125db23b12ba52a8a7287adb9f32c49d637e02e3bf"
url = "https://releases.hashicorp.com/terraform/1.15.3/terraform_1.15.3_linux_amd64.zip"
